// !$*UTF8*$!
{
	archiveVersion = 1;
	classes = {
	};
	objectVersion = 55;
	objects = {

/* Begin PBXBuildFile section */
		3514277D282516A500F7483F /* LockSimulatorApp.swift in Sources */ = {isa = PBXBuildFile; fileRef = 3514277C282516A500F7483F /* LockSimulatorApp.swift */; };
		3514277F282516A500F7483F /* ContentView.swift in Sources */ = {isa = PBXBuildFile; fileRef = 3514277E282516A500F7483F /* ContentView.swift */; };
		35142781282516A800F7483F /* Assets.xcassets in Resources */ = {isa = PBXBuildFile; fileRef = 35142780282516A800F7483F /* Assets.xcassets */; };
		35142784282516A800F7483F /* Preview Assets.xcassets in Resources */ = {isa = PBXBuildFile; fileRef = 35142783282516A800F7483F /* Preview Assets.xcassets */; };
		3514278E282516A800F7483F /* LockSimulatorTests.swift in Sources */ = {isa = PBXBuildFile; fileRef = 3514278D282516A800F7483F /* LockSimulatorTests.swift */; };
		35142798282516A900F7483F /* LockSimulatorUITests.swift in Sources */ = {isa = PBXBuildFile; fileRef = 35142797282516A900F7483F /* LockSimulatorUITests.swift */; };
		3514279A282516A900F7483F /* LockSimulatorUITestsLaunchTests.swift in Sources */ = {isa = PBXBuildFile; fileRef = 35142799282516A900F7483F /* LockSimulatorUITestsLaunchTests.swift */; };
		351427A928251D1000F7483F /* IconLock.swift in Sources */ = {isa = PBXBuildFile; fileRef = 351427A828251D1000F7483F /* IconLock.swift */; };
		351427AC28252F2B00F7483F /* BlueFullWidthButton.swift in Sources */ = {isa = PBXBuildFile; fileRef = 351427AB28252F2B00F7483F /* BlueFullWidthButton.swift */; };
		351427AF28252FB200F7483F /* SetupCoverView.swift in Sources */ = {isa = PBXBuildFile; fileRef = 351427AE28252FB200F7483F /* SetupCoverView.swift */; };
		355915E02826325800CB2A49 /* LockView.swift in Sources */ = {isa = PBXBuildFile; fileRef = 355915DF2826325800CB2A49 /* LockView.swift */; };
		355915E228265C2E00CB2A49 /* IconLockOpen.swift in Sources */ = {isa = PBXBuildFile; fileRef = 355915E128265C2E00CB2A49 /* IconLockOpen.swift */; };
		355915E628266CCC00CB2A49 /* TagReaderController.swift in Sources */ = {isa = PBXBuildFile; fileRef = 355915E528266CCC00CB2A49 /* TagReaderController.swift */; };
		3580C4042825358F009AA5A3 /* SetupPairUpView.swift in Sources */ = {isa = PBXBuildFile; fileRef = 3580C4032825358F009AA5A3 /* SetupPairUpView.swift */; };
		3580C406282550FA009AA5A3 /* SetupFinishView.swift in Sources */ = {isa = PBXBuildFile; fileRef = 3580C405282550FA009AA5A3 /* SetupFinishView.swift */; };
		3580C40828259519009AA5A3 /* IconCheck.swift in Sources */ = {isa = PBXBuildFile; fileRef = 3580C40728259519009AA5A3 /* IconCheck.swift */; };
		3580C40A2825964E009AA5A3 /* SetupWrapperView.swift in Sources */ = {isa = PBXBuildFile; fileRef = 3580C4092825964E009AA5A3 /* SetupWrapperView.swift */; };
		3580C40D28262724009AA5A3 /* TokenController.swift in Sources */ = {isa = PBXBuildFile; fileRef = 3580C40C28262724009AA5A3 /* TokenController.swift */; };
		35A2BE10282D0BA300AAF548 /* JWT in Frameworks */ = {isa = PBXBuildFile; productRef = 35A2BE0F282D0BA300AAF548 /* JWT */; };
/* End PBXBuildFile section */

/* Begin PBXContainerItemProxy section */
		3514278A282516A800F7483F /* PBXContainerItemProxy */ = {
			isa = PBXContainerItemProxy;
			containerPortal = 35142771282516A500F7483F /* Project object */;
			proxyType = 1;
			remoteGlobalIDString = 35142778282516A500F7483F;
			remoteInfo = LockSimulator;
		};
		35142794282516A900F7483F /* PBXContainerItemProxy */ = {
			isa = PBXContainerItemProxy;
			containerPortal = 35142771282516A500F7483F /* Project object */;
			proxyType = 1;
			remoteGlobalIDString = 35142778282516A500F7483F;
			remoteInfo = LockSimulator;
		};
/* End PBXContainerItemProxy section */

/* Begin PBXFileReference section */
		35142779282516A500F7483F /* LockSimulator.app */ = {isa = PBXFileReference; explicitFileType = wrapper.application; includeInIndex = 0; path = LockSimulator.app; sourceTree = BUILT_PRODUCTS_DIR; };
		3514277C282516A500F7483F /* LockSimulatorApp.swift */ = {isa = PBXFileReference; lastKnownFileType = sourcecode.swift; path = LockSimulatorApp.swift; sourceTree = "<group>"; };
		3514277E282516A500F7483F /* ContentView.swift */ = {isa = PBXFileReference; lastKnownFileType = sourcecode.swift; path = ContentView.swift; sourceTree = "<group>"; };
		35142780282516A800F7483F /* Assets.xcassets */ = {isa = PBXFileReference; lastKnownFileType = folder.assetcatalog; path = Assets.xcassets; sourceTree = "<group>"; };
		35142783282516A800F7483F /* Preview Assets.xcassets */ = {isa = PBXFileReference; lastKnownFileType = folder.assetcatalog; path = "Preview Assets.xcassets"; sourceTree = "<group>"; };
		35142789282516A800F7483F /* LockSimulatorTests.xctest */ = {isa = PBXFileReference; explicitFileType = wrapper.cfbundle; includeInIndex = 0; path = LockSimulatorTests.xctest; sourceTree = BUILT_PRODUCTS_DIR; };
		3514278D282516A800F7483F /* LockSimulatorTests.swift */ = {isa = PBXFileReference; lastKnownFileType = sourcecode.swift; path = LockSimulatorTests.swift; sourceTree = "<group>"; };
		35142793282516A900F7483F /* LockSimulatorUITests.xctest */ = {isa = PBXFileReference; explicitFileType = wrapper.cfbundle; includeInIndex = 0; path = LockSimulatorUITests.xctest; sourceTree = BUILT_PRODUCTS_DIR; };
		35142797282516A900F7483F /* LockSimulatorUITests.swift */ = {isa = PBXFileReference; lastKnownFileType = sourcecode.swift; path = LockSimulatorUITests.swift; sourceTree = "<group>"; };
		35142799282516A900F7483F /* LockSimulatorUITestsLaunchTests.swift */ = {isa = PBXFileReference; lastKnownFileType = sourcecode.swift; path = LockSimulatorUITestsLaunchTests.swift; sourceTree = "<group>"; };
		351427A828251D1000F7483F /* IconLock.swift */ = {isa = PBXFileReference; lastKnownFileType = sourcecode.swift; path = IconLock.swift; sourceTree = "<group>"; };
		351427AB28252F2B00F7483F /* BlueFullWidthButton.swift */ = {isa = PBXFileReference; lastKnownFileType = sourcecode.swift; path = BlueFullWidthButton.swift; sourceTree = "<group>"; };
		351427AE28252FB200F7483F /* SetupCoverView.swift */ = {isa = PBXFileReference; lastKnownFileType = sourcecode.swift; path = SetupCoverView.swift; sourceTree = "<group>"; };
		355915DF2826325800CB2A49 /* LockView.swift */ = {isa = PBXFileReference; lastKnownFileType = sourcecode.swift; path = LockView.swift; sourceTree = "<group>"; };
		355915E128265C2E00CB2A49 /* IconLockOpen.swift */ = {isa = PBXFileReference; lastKnownFileType = sourcecode.swift; path = IconLockOpen.swift; sourceTree = "<group>"; };
		355915E3282668B400CB2A49 /* LockSimulator.entitlements */ = {isa = PBXFileReference; lastKnownFileType = text.plist.entitlements; path = LockSimulator.entitlements; sourceTree = "<group>"; };
		355915E42826698100CB2A49 /* Info.plist */ = {isa = PBXFileReference; lastKnownFileType = text.plist; path = Info.plist; sourceTree = "<group>"; };
		355915E528266CCC00CB2A49 /* TagReaderController.swift */ = {isa = PBXFileReference; lastKnownFileType = sourcecode.swift; path = TagReaderController.swift; sourceTree = "<group>"; };
		3580C4032825358F009AA5A3 /* SetupPairUpView.swift */ = {isa = PBXFileReference; lastKnownFileType = sourcecode.swift; path = SetupPairUpView.swift; sourceTree = "<group>"; };
		3580C405282550FA009AA5A3 /* SetupFinishView.swift */ = {isa = PBXFileReference; lastKnownFileType = sourcecode.swift; path = SetupFinishView.swift; sourceTree = "<group>"; };
		3580C40728259519009AA5A3 /* IconCheck.swift */ = {isa = PBXFileReference; lastKnownFileType = sourcecode.swift; path = IconCheck.swift; sourceTree = "<group>"; };
		3580C4092825964E009AA5A3 /* SetupWrapperView.swift */ = {isa = PBXFileReference; lastKnownFileType = sourcecode.swift; path = SetupWrapperView.swift; sourceTree = "<group>"; };
		3580C40C28262724009AA5A3 /* TokenController.swift */ = {isa = PBXFileReference; lastKnownFileType = sourcecode.swift; path = TokenController.swift; sourceTree = "<group>"; };
/* End PBXFileReference section */

/* Begin PBXFrameworksBuildPhase section */
		35142776282516A500F7483F /* Frameworks */ = {
			isa = PBXFrameworksBuildPhase;
			buildActionMask = 2147483647;
			files = (
				35A2BE10282D0BA300AAF548 /* JWT in Frameworks */,
			);
			runOnlyForDeploymentPostprocessing = 0;
		};
		35142786282516A800F7483F /* Frameworks */ = {
			isa = PBXFrameworksBuildPhase;
			buildActionMask = 2147483647;
			files = (
			);
			runOnlyForDeploymentPostprocessing = 0;
		};
		35142790282516A900F7483F /* Frameworks */ = {
			isa = PBXFrameworksBuildPhase;
			buildActionMask = 2147483647;
			files = (
			);
			runOnlyForDeploymentPostprocessing = 0;
		};
/* End PBXFrameworksBuildPhase section */

/* Begin PBXGroup section */
		35142770282516A500F7483F = {
			isa = PBXGroup;
			children = (
				3514277B282516A500F7483F /* LockSimulator */,
				3514278C282516A800F7483F /* LockSimulatorTests */,
				35142796282516A900F7483F /* LockSimulatorUITests */,
				3514277A282516A500F7483F /* Products */,
			);
			sourceTree = "<group>";
		};
		3514277A282516A500F7483F /* Products */ = {
			isa = PBXGroup;
			children = (
				35142779282516A500F7483F /* LockSimulator.app */,
				35142789282516A800F7483F /* LockSimulatorTests.xctest */,
				35142793282516A900F7483F /* LockSimulatorUITests.xctest */,
			);
			name = Products;
			sourceTree = "<group>";
		};
		3514277B282516A500F7483F /* LockSimulator */ = {
			isa = PBXGroup;
			children = (
				355915E42826698100CB2A49 /* Info.plist */,
				355915E3282668B400CB2A49 /* LockSimulator.entitlements */,
				3580C40B282625B6009AA5A3 /* Controllers */,
				351427AD28252F7C00F7483F /* Views */,
				351427A628251CCC00F7483F /* Resources */,
				3514277C282516A500F7483F /* LockSimulatorApp.swift */,
				3514277E282516A500F7483F /* ContentView.swift */,
				35142780282516A800F7483F /* Assets.xcassets */,
				35142782282516A800F7483F /* Preview Content */,
			);
			path = LockSimulator;
			sourceTree = "<group>";
		};
		35142782282516A800F7483F /* Preview Content */ = {
			isa = PBXGroup;
			children = (
				35142783282516A800F7483F /* Preview Assets.xcassets */,
			);
			path = "Preview Content";
			sourceTree = "<group>";
		};
		3514278C282516A800F7483F /* LockSimulatorTests */ = {
			isa = PBXGroup;
			children = (
				3514278D282516A800F7483F /* LockSimulatorTests.swift */,
			);
			path = LockSimulatorTests;
			sourceTree = "<group>";
		};
		35142796282516A900F7483F /* LockSimulatorUITests */ = {
			isa = PBXGroup;
			children = (
				35142797282516A900F7483F /* LockSimulatorUITests.swift */,
				35142799282516A900F7483F /* LockSimulatorUITestsLaunchTests.swift */,
			);
			path = LockSimulatorUITests;
			sourceTree = "<group>";
		};
		351427A628251CCC00F7483F /* Resources */ = {
			isa = PBXGroup;
			children = (
				351427AA28252F1200F7483F /* Styles */,
				351427A728251CDF00F7483F /* Svgs */,
			);
			path = Resources;
			sourceTree = "<group>";
		};
		351427A728251CDF00F7483F /* Svgs */ = {
			isa = PBXGroup;
			children = (
				351427A828251D1000F7483F /* IconLock.swift */,
				3580C40728259519009AA5A3 /* IconCheck.swift */,
				355915E128265C2E00CB2A49 /* IconLockOpen.swift */,
			);
			path = Svgs;
			sourceTree = "<group>";
		};
		351427AA28252F1200F7483F /* Styles */ = {
			isa = PBXGroup;
			children = (
				351427AB28252F2B00F7483F /* BlueFullWidthButton.swift */,
			);
			path = Styles;
			sourceTree = "<group>";
		};
		351427AD28252F7C00F7483F /* Views */ = {
			isa = PBXGroup;
			children = (
				351427AE28252FB200F7483F /* SetupCoverView.swift */,
				3580C4032825358F009AA5A3 /* SetupPairUpView.swift */,
				3580C405282550FA009AA5A3 /* SetupFinishView.swift */,
				3580C4092825964E009AA5A3 /* SetupWrapperView.swift */,
				355915DF2826325800CB2A49 /* LockView.swift */,
			);
			path = Views;
			sourceTree = "<group>";
		};
		3580C40B282625B6009AA5A3 /* Controllers */ = {
			isa = PBXGroup;
			children = (
				3580C40C28262724009AA5A3 /* TokenController.swift */,
				355915E528266CCC00CB2A49 /* TagReaderController.swift */,
			);
			path = Controllers;
			sourceTree = "<group>";
		};
/* End PBXGroup section */

/* Begin PBXNativeTarget section */
		35142778282516A500F7483F /* LockSimulator */ = {
			isa = PBXNativeTarget;
			buildConfigurationList = 3514279D282516A900F7483F /* Build configuration list for PBXNativeTarget "LockSimulator" */;
			buildPhases = (
				35142775282516A500F7483F /* Sources */,
				35142776282516A500F7483F /* Frameworks */,
				35142777282516A500F7483F /* Resources */,
			);
			buildRules = (
			);
			dependencies = (
			);
			name = LockSimulator;
			packageProductDependencies = (
				35A2BE0F282D0BA300AAF548 /* JWT */,
			);
			productName = LockSimulator;
			productReference = 35142779282516A500F7483F /* LockSimulator.app */;
			productType = "com.apple.product-type.application";
		};
		35142788282516A800F7483F /* LockSimulatorTests */ = {
			isa = PBXNativeTarget;
			buildConfigurationList = 351427A0282516A900F7483F /* Build configuration list for PBXNativeTarget "LockSimulatorTests" */;
			buildPhases = (
				35142785282516A800F7483F /* Sources */,
				35142786282516A800F7483F /* Frameworks */,
				35142787282516A800F7483F /* Resources */,
			);
			buildRules = (
			);
			dependencies = (
				3514278B282516A800F7483F /* PBXTargetDependency */,
			);
			name = LockSimulatorTests;
			productName = LockSimulatorTests;
			productReference = 35142789282516A800F7483F /* LockSimulatorTests.xctest */;
			productType = "com.apple.product-type.bundle.unit-test";
		};
		35142792282516A900F7483F /* LockSimulatorUITests */ = {
			isa = PBXNativeTarget;
			buildConfigurationList = 351427A3282516A900F7483F /* Build configuration list for PBXNativeTarget "LockSimulatorUITests" */;
			buildPhases = (
				3514278F282516A900F7483F /* Sources */,
				35142790282516A900F7483F /* Frameworks */,
				35142791282516A900F7483F /* Resources */,
			);
			buildRules = (
			);
			dependencies = (
				35142795282516A900F7483F /* PBXTargetDependency */,
			);
			name = LockSimulatorUITests;
			productName = LockSimulatorUITests;
			productReference = 35142793282516A900F7483F /* LockSimulatorUITests.xctest */;
			productType = "com.apple.product-type.bundle.ui-testing";
		};
/* End PBXNativeTarget section */

/* Begin PBXProject section */
		35142771282516A500F7483F /* Project object */ = {
			isa = PBXProject;
			attributes = {
				BuildIndependentTargetsInParallel = 1;
				LastSwiftUpdateCheck = 1330;
				LastUpgradeCheck = 1330;
				TargetAttributes = {
					35142778282516A500F7483F = {
						CreatedOnToolsVersion = 13.3.1;
					};
					35142788282516A800F7483F = {
						CreatedOnToolsVersion = 13.3.1;
						TestTargetID = 35142778282516A500F7483F;
					};
					35142792282516A900F7483F = {
						CreatedOnToolsVersion = 13.3.1;
						TestTargetID = 35142778282516A500F7483F;
					};
				};
			};
			buildConfigurationList = 35142774282516A500F7483F /* Build configuration list for PBXProject "LockSimulator" */;
			compatibilityVersion = "Xcode 13.0";
			developmentRegion = en;
			hasScannedForEncodings = 0;
			knownRegions = (
				en,
				Base,
			);
			mainGroup = 35142770282516A500F7483F;
			packageReferences = (
				35A2BE0E282D0BA300AAF548 /* XCRemoteSwiftPackageReference "JSONWebToken" */,
			);
			productRefGroup = 3514277A282516A500F7483F /* Products */;
			projectDirPath = "";
			projectRoot = "";
			targets = (
				35142778282516A500F7483F /* LockSimulator */,
				35142788282516A800F7483F /* LockSimulatorTests */,
				35142792282516A900F7483F /* LockSimulatorUITests */,
			);
		};
/* End PBXProject section */

/* Begin PBXResourcesBuildPhase section */
		35142777282516A500F7483F /* Resources */ = {
			isa = PBXResourcesBuildPhase;
			buildActionMask = 2147483647;
			files = (
				35142784282516A800F7483F /* Preview Assets.xcassets in Resources */,
				35142781282516A800F7483F /* Assets.xcassets in Resources */,
			);
			runOnlyForDeploymentPostprocessing = 0;
		};
		35142787282516A800F7483F /* Resources */ = {
			isa = PBXResourcesBuildPhase;
			buildActionMask = 2147483647;
			files = (
			);
			runOnlyForDeploymentPostprocessing = 0;
		};
		35142791282516A900F7483F /* Resources */ = {
			isa = PBXResourcesBuildPhase;
			buildActionMask = 2147483647;
			files = (
			);
			runOnlyForDeploymentPostprocessing = 0;
		};
/* End PBXResourcesBuildPhase section */

/* Begin PBXSourcesBuildPhase section */
		35142775282516A500F7483F /* Sources */ = {
			isa = PBXSourcesBuildPhase;
			buildActionMask = 2147483647;
			files = (
				351427AF28252FB200F7483F /* SetupCoverView.swift in Sources */,
				355915E228265C2E00CB2A49 /* IconLockOpen.swift in Sources */,
				355915E02826325800CB2A49 /* LockView.swift in Sources */,
				3580C40828259519009AA5A3 /* IconCheck.swift in Sources */,
				3580C4042825358F009AA5A3 /* SetupPairUpView.swift in Sources */,
				3580C406282550FA009AA5A3 /* SetupFinishView.swift in Sources */,
				3514277F282516A500F7483F /* ContentView.swift in Sources */,
				3580C40A2825964E009AA5A3 /* SetupWrapperView.swift in Sources */,
				355915E628266CCC00CB2A49 /* TagReaderController.swift in Sources */,
				3514277D282516A500F7483F /* LockSimulatorApp.swift in Sources */,
				3580C40D28262724009AA5A3 /* TokenController.swift in Sources */,
				351427A928251D1000F7483F /* IconLock.swift in Sources */,
				351427AC28252F2B00F7483F /* BlueFullWidthButton.swift in Sources */,
			);
			runOnlyForDeploymentPostprocessing = 0;
		};
		35142785282516A800F7483F /* Sources */ = {
			isa = PBXSourcesBuildPhase;
			buildActionMask = 2147483647;
			files = (
				3514278E282516A800F7483F /* LockSimulatorTests.swift in Sources */,
			);
			runOnlyForDeploymentPostprocessing = 0;
		};
		3514278F282516A900F7483F /* Sources */ = {
			isa = PBXSourcesBuildPhase;
			buildActionMask = 2147483647;
			files = (
				3514279A282516A900F7483F /* LockSimulatorUITestsLaunchTests.swift in Sources */,
				35142798282516A900F7483F /* LockSimulatorUITests.swift in Sources */,
			);
			runOnlyForDeploymentPostprocessing = 0;
		};
/* End PBXSourcesBuildPhase section */

/* Begin PBXTargetDependency section */
		3514278B282516A800F7483F /* PBXTargetDependency */ = {
			isa = PBXTargetDependency;
			target = 35142778282516A500F7483F /* LockSimulator */;
			targetProxy = 3514278A282516A800F7483F /* PBXContainerItemProxy */;
		};
		35142795282516A900F7483F /* PBXTargetDependency */ = {
			isa = PBXTargetDependency;
			target = 35142778282516A500F7483F /* LockSimulator */;
			targetProxy = 35142794282516A900F7483F /* PBXContainerItemProxy */;
		};
/* End PBXTargetDependency section */

/* Begin XCBuildConfiguration section */
		3514279B282516A900F7483F /* Debug */ = {
			isa = XCBuildConfiguration;
			buildSettings = {
				ALWAYS_SEARCH_USER_PATHS = NO;
				CLANG_ANALYZER_NONNULL = YES;
				CLANG_ANALYZER_NUMBER_OBJECT_CONVERSION = YES_AGGRESSIVE;
				CLANG_CXX_LANGUAGE_STANDARD = "gnu++17";
				CLANG_ENABLE_MODULES = YES;
				CLANG_ENABLE_OBJC_ARC = YES;
				CLANG_ENABLE_OBJC_WEAK = YES;
				CLANG_WARN_BLOCK_CAPTURE_AUTORELEASING = YES;
				CLANG_WARN_BOOL_CONVERSION = YES;
				CLANG_WARN_COMMA = YES;
				CLANG_WARN_CONSTANT_CONVERSION = YES;
				CLANG_WARN_DEPRECATED_OBJC_IMPLEMENTATIONS = YES;
				CLANG_WARN_DIRECT_OBJC_ISA_USAGE = YES_ERROR;
				CLANG_WARN_DOCUMENTATION_COMMENTS = YES;
				CLANG_WARN_EMPTY_BODY = YES;
				CLANG_WARN_ENUM_CONVERSION = YES;
				CLANG_WARN_INFINITE_RECURSION = YES;
				CLANG_WARN_INT_CONVERSION = YES;
				CLANG_WARN_NON_LITERAL_NULL_CONVERSION = YES;
				CLANG_WARN_OBJC_IMPLICIT_RETAIN_SELF = YES;
				CLANG_WARN_OBJC_LITERAL_CONVERSION = YES;
				CLANG_WARN_OBJC_ROOT_CLASS = YES_ERROR;
				CLANG_WARN_QUOTED_INCLUDE_IN_FRAMEWORK_HEADER = YES;
				CLANG_WARN_RANGE_LOOP_ANALYSIS = YES;
				CLANG_WARN_STRICT_PROTOTYPES = YES;
				CLANG_WARN_SUSPICIOUS_MOVE = YES;
				CLANG_WARN_UNGUARDED_AVAILABILITY = YES_AGGRESSIVE;
				CLANG_WARN_UNREACHABLE_CODE = YES;
				CLANG_WARN__DUPLICATE_METHOD_MATCH = YES;
				COPY_PHASE_STRIP = NO;
				DEBUG_INFORMATION_FORMAT = dwarf;
				ENABLE_STRICT_OBJC_MSGSEND = YES;
				ENABLE_TESTABILITY = YES;
				GCC_C_LANGUAGE_STANDARD = gnu11;
				GCC_DYNAMIC_NO_PIC = NO;
				GCC_NO_COMMON_BLOCKS = YES;
				GCC_OPTIMIZATION_LEVEL = 0;
				GCC_PREPROCESSOR_DEFINITIONS = (
					"DEBUG=1",
					"$(inherited)",
				);
				GCC_WARN_64_TO_32_BIT_CONVERSION = YES;
				GCC_WARN_ABOUT_RETURN_TYPE = YES_ERROR;
				GCC_WARN_UNDECLARED_SELECTOR = YES;
				GCC_WARN_UNINITIALIZED_AUTOS = YES_AGGRESSIVE;
				GCC_WARN_UNUSED_FUNCTION = YES;
				GCC_WARN_UNUSED_VARIABLE = YES;
				IPHONEOS_DEPLOYMENT_TARGET = 15.3;
				MTL_ENABLE_DEBUG_INFO = INCLUDE_SOURCE;
				MTL_FAST_MATH = YES;
				ONLY_ACTIVE_ARCH = YES;
				SDKROOT = iphoneos;
				SWIFT_ACTIVE_COMPILATION_CONDITIONS = DEBUG;
				SWIFT_OPTIMIZATION_LEVEL = "-Onone";
			};
			name = Debug;
		};
		3514279C282516A900F7483F /* Release */ = {
			isa = XCBuildConfiguration;
			buildSettings = {
				ALWAYS_SEARCH_USER_PATHS = NO;
				CLANG_ANALYZER_NONNULL = YES;
				CLANG_ANALYZER_NUMBER_OBJECT_CONVERSION = YES_AGGRESSIVE;
				CLANG_CXX_LANGUAGE_STANDARD = "gnu++17";
				CLANG_ENABLE_MODULES = YES;
				CLANG_ENABLE_OBJC_ARC = YES;
				CLANG_ENABLE_OBJC_WEAK = YES;
				CLANG_WARN_BLOCK_CAPTURE_AUTORELEASING = YES;
				CLANG_WARN_BOOL_CONVERSION = YES;
				CLANG_WARN_COMMA = YES;
				CLANG_WARN_CONSTANT_CONVERSION = YES;
				CLANG_WARN_DEPRECATED_OBJC_IMPLEMENTATIONS = YES;
				CLANG_WARN_DIRECT_OBJC_ISA_USAGE = YES_ERROR;
				CLANG_WARN_DOCUMENTATION_COMMENTS = YES;
				CLANG_WARN_EMPTY_BODY = YES;
				CLANG_WARN_ENUM_CONVERSION = YES;
				CLANG_WARN_INFINITE_RECURSION = YES;
				CLANG_WARN_INT_CONVERSION = YES;
				CLANG_WARN_NON_LITERAL_NULL_CONVERSION = YES;
				CLANG_WARN_OBJC_IMPLICIT_RETAIN_SELF = YES;
				CLANG_WARN_OBJC_LITERAL_CONVERSION = YES;
				CLANG_WARN_OBJC_ROOT_CLASS = YES_ERROR;
				CLANG_WARN_QUOTED_INCLUDE_IN_FRAMEWORK_HEADER = YES;
				CLANG_WARN_RANGE_LOOP_ANALYSIS = YES;
				CLANG_WARN_STRICT_PROTOTYPES = YES;
				CLANG_WARN_SUSPICIOUS_MOVE = YES;
				CLANG_WARN_UNGUARDED_AVAILABILITY = YES_AGGRESSIVE;
				CLANG_WARN_UNREACHABLE_CODE = YES;
				CLANG_WARN__DUPLICATE_METHOD_MATCH = YES;
				COPY_PHASE_STRIP = NO;
				DEBUG_INFORMATION_FORMAT = "dwarf-with-dsym";
				ENABLE_NS_ASSERTIONS = NO;
				ENABLE_STRICT_OBJC_MSGSEND = YES;
				GCC_C_LANGUAGE_STANDARD = gnu11;
				GCC_NO_COMMON_BLOCKS = YES;
				GCC_WARN_64_TO_32_BIT_CONVERSION = YES;
				GCC_WARN_ABOUT_RETURN_TYPE = YES_ERROR;
				GCC_WARN_UNDECLARED_SELECTOR = YES;
				GCC_WARN_UNINITIALIZED_AUTOS = YES_AGGRESSIVE;
				GCC_WARN_UNUSED_FUNCTION = YES;
				GCC_WARN_UNUSED_VARIABLE = YES;
				IPHONEOS_DEPLOYMENT_TARGET = 15.3;
				MTL_ENABLE_DEBUG_INFO = NO;
				MTL_FAST_MATH = YES;
				SDKROOT = iphoneos;
				SWIFT_COMPILATION_MODE = wholemodule;
				SWIFT_OPTIMIZATION_LEVEL = "-O";
				VALIDATE_PRODUCT = YES;
			};
			name = Release;
		};
		3514279E282516A900F7483F /* Debug */ = {
			isa = XCBuildConfiguration;
			buildSettings = {
				ASSETCATALOG_COMPILER_APPICON_NAME = "Icon-lock";
				ASSETCATALOG_COMPILER_GLOBAL_ACCENT_COLOR_NAME = AccentColor;
				CODE_SIGN_ENTITLEMENTS = LockSimulator/LockSimulator.entitlements;
				CODE_SIGN_STYLE = Automatic;
				CURRENT_PROJECT_VERSION = 1;
				DEVELOPMENT_ASSET_PATHS = "\"LockSimulator/Preview Content\"";
				DEVELOPMENT_TEAM = Q26GG5X7WF;
				ENABLE_PREVIEWS = YES;
				GENERATE_INFOPLIST_FILE = YES;
				INFOPLIST_FILE = LockSimulator/Info.plist;
				INFOPLIST_KEY_NFCReaderUsageDescription = "NFC is required for authentication.";
				INFOPLIST_KEY_UIApplicationSceneManifest_Generation = YES;
				INFOPLIST_KEY_UIApplicationSupportsIndirectInputEvents = YES;
				INFOPLIST_KEY_UILaunchScreen_Generation = YES;
				INFOPLIST_KEY_UISupportedInterfaceOrientations = UIInterfaceOrientationPortrait;
				INFOPLIST_KEY_UISupportedInterfaceOrientations_iPad = "UIInterfaceOrientationPortrait UIInterfaceOrientationPortraitUpsideDown UIInterfaceOrientationLandscapeLeft UIInterfaceOrientationLandscapeRight";
				INFOPLIST_KEY_UISupportedInterfaceOrientations_iPhone = "UIInterfaceOrientationPortrait UIInterfaceOrientationLandscapeLeft UIInterfaceOrientationLandscapeRight";
				LD_RUNPATH_SEARCH_PATHS = (
					"$(inherited)",
					"@executable_path/Frameworks",
				);
				MARKETING_VERSION = 1.0;
				PRODUCT_BUNDLE_IDENTIFIER = tech.sharelock.LockSimulator2;
				PRODUCT_NAME = "$(TARGET_NAME)";
				SWIFT_EMIT_LOC_STRINGS = YES;
				SWIFT_VERSION = 5.0;
				TARGETED_DEVICE_FAMILY = 1;
			};
			name = Debug;
		};
		3514279F282516A900F7483F /* Release */ = {
			isa = XCBuildConfiguration;
			buildSettings = {
				ASSETCATALOG_COMPILER_APPICON_NAME = "Icon-lock";
				ASSETCATALOG_COMPILER_GLOBAL_ACCENT_COLOR_NAME = AccentColor;
				CODE_SIGN_ENTITLEMENTS = LockSimulator/LockSimulator.entitlements;
				CODE_SIGN_STYLE = Automatic;
				CURRENT_PROJECT_VERSION = 1;
				DEVELOPMENT_ASSET_PATHS = "\"LockSimulator/Preview Content\"";
				DEVELOPMENT_TEAM = Q26GG5X7WF;
				ENABLE_PREVIEWS = YES;
				GENERATE_INFOPLIST_FILE = YES;
				INFOPLIST_FILE = LockSimulator/Info.plist;
				INFOPLIST_KEY_NFCReaderUsageDescription = "NFC is required for authentication.";
				INFOPLIST_KEY_UIApplicationSceneManifest_Generation = YES;
				INFOPLIST_KEY_UIApplicationSupportsIndirectInputEvents = YES;
				INFOPLIST_KEY_UILaunchScreen_Generation = YES;
				INFOPLIST_KEY_UISupportedInterfaceOrientations = UIInterfaceOrientationPortrait;
				INFOPLIST_KEY_UISupportedInterfaceOrientations_iPad = "UIInterfaceOrientationPortrait UIInterfaceOrientationPortraitUpsideDown UIInterfaceOrientationLandscapeLeft UIInterfaceOrientationLandscapeRight";
				INFOPLIST_KEY_UISupportedInterfaceOrientations_iPhone = "UIInterfaceOrientationPortrait UIInterfaceOrientationLandscapeLeft UIInterfaceOrientationLandscapeRight";
				LD_RUNPATH_SEARCH_PATHS = (
					"$(inherited)",
					"@executable_path/Frameworks",
				);
				MARKETING_VERSION = 1.0;
				PRODUCT_BUNDLE_IDENTIFIER = tech.sharelock.LockSimulator2;
				PRODUCT_NAME = "$(TARGET_NAME)";
				SWIFT_EMIT_LOC_STRINGS = YES;
				SWIFT_VERSION = 5.0;
				TARGETED_DEVICE_FAMILY = 1;
			};
			name = Release;
		};
		351427A1282516A900F7483F /* Debug */ = {
			isa = XCBuildConfiguration;
			buildSettings = {
				ALWAYS_EMBED_SWIFT_STANDARD_LIBRARIES = YES;
				BUNDLE_LOADER = "$(TEST_HOST)";
				CODE_SIGN_STYLE = Automatic;
				CURRENT_PROJECT_VERSION = 1;
				DEVELOPMENT_TEAM = 89453KF687;
				GENERATE_INFOPLIST_FILE = YES;
				IPHONEOS_DEPLOYMENT_TARGET = 15.4;
				MARKETING_VERSION = 1.0;
				PRODUCT_BUNDLE_IDENTIFIER = tech.sharelock.LockSimulatorTests;
				PRODUCT_NAME = "$(TARGET_NAME)";
				SWIFT_EMIT_LOC_STRINGS = NO;
				SWIFT_VERSION = 5.0;
				TARGETED_DEVICE_FAMILY = "1,2";
				TEST_HOST = "$(BUILT_PRODUCTS_DIR)/LockSimulator.app/LockSimulator";
			};
			name = Debug;
		};
		351427A2282516A900F7483F /* Release */ = {
			isa = XCBuildConfiguration;
			buildSettings = {
				ALWAYS_EMBED_SWIFT_STANDARD_LIBRARIES = YES;
				BUNDLE_LOADER = "$(TEST_HOST)";
				CODE_SIGN_STYLE = Automatic;
				CURRENT_PROJECT_VERSION = 1;
				DEVELOPMENT_TEAM = 89453KF687;
				GENERATE_INFOPLIST_FILE = YES;
				IPHONEOS_DEPLOYMENT_TARGET = 15.4;
				MARKETING_VERSION = 1.0;
				PRODUCT_BUNDLE_IDENTIFIER = tech.sharelock.LockSimulatorTests;
				PRODUCT_NAME = "$(TARGET_NAME)";
				SWIFT_EMIT_LOC_STRINGS = NO;
				SWIFT_VERSION = 5.0;
				TARGETED_DEVICE_FAMILY = "1,2";
				TEST_HOST = "$(BUILT_PRODUCTS_DIR)/LockSimulator.app/LockSimulator";
			};
			name = Release;
		};
		351427A4282516A900F7483F /* Debug */ = {
			isa = XCBuildConfiguration;
			buildSettings = {
				ALWAYS_EMBED_SWIFT_STANDARD_LIBRARIES = YES;
				CODE_SIGN_STYLE = Automatic;
				CURRENT_PROJECT_VERSION = 1;
				DEVELOPMENT_TEAM = 89453KF687;
				GENERATE_INFOPLIST_FILE = YES;
				MARKETING_VERSION = 1.0;
				PRODUCT_BUNDLE_IDENTIFIER = tech.sharelock.LockSimulatorUITests;
				PRODUCT_NAME = "$(TARGET_NAME)";
				SWIFT_EMIT_LOC_STRINGS = NO;
				SWIFT_VERSION = 5.0;
				TARGETED_DEVICE_FAMILY = "1,2";
				TEST_TARGET_NAME = LockSimulator;
			};
			name = Debug;
		};
		351427A5282516A900F7483F /* Release */ = {
			isa = XCBuildConfiguration;
			buildSettings = {
				ALWAYS_EMBED_SWIFT_STANDARD_LIBRARIES = YES;
				CODE_SIGN_STYLE = Automatic;
				CURRENT_PROJECT_VERSION = 1;
				DEVELOPMENT_TEAM = 89453KF687;
				GENERATE_INFOPLIST_FILE = YES;
				MARKETING_VERSION = 1.0;
				PRODUCT_BUNDLE_IDENTIFIER = tech.sharelock.LockSimulatorUITests;
				PRODUCT_NAME = "$(TARGET_NAME)";
				SWIFT_EMIT_LOC_STRINGS = NO;
				SWIFT_VERSION = 5.0;
				TARGETED_DEVICE_FAMILY = "1,2";
				TEST_TARGET_NAME = LockSimulator;
			};
			name = Release;
		};
/* End XCBuildConfiguration section */

/* Begin XCConfigurationList section */
		35142774282516A500F7483F /* Build configuration list for PBXProject "LockSimulator" */ = {
			isa = XCConfigurationList;
			buildConfigurations = (
				3514279B282516A900F7483F /* Debug */,
				3514279C282516A900F7483F /* Release */,
			);
			defaultConfigurationIsVisible = 0;
			defaultConfigurationName = Release;
		};
		3514279D282516A900F7483F /* Build configuration list for PBXNativeTarget "LockSimulator" */ = {
			isa = XCConfigurationList;
			buildConfigurations = (
				3514279E282516A900F7483F /* Debug */,
				3514279F282516A900F7483F /* Release */,
			);
			defaultConfigurationIsVisible = 0;
			defaultConfigurationName = Release;
		};
		351427A0282516A900F7483F /* Build configuration list for PBXNativeTarget "LockSimulatorTests" */ = {
			isa = XCConfigurationList;
			buildConfigurations = (
				351427A1282516A900F7483F /* Debug */,
				351427A2282516A900F7483F /* Release */,
			);
			defaultConfigurationIsVisible = 0;
			defaultConfigurationName = Release;
		};
		351427A3282516A900F7483F /* Build configuration list for PBXNativeTarget "LockSimulatorUITests" */ = {
			isa = XCConfigurationList;
			buildConfigurations = (
				351427A4282516A900F7483F /* Debug */,
				351427A5282516A900F7483F /* Release */,
			);
			defaultConfigurationIsVisible = 0;
			defaultConfigurationName = Release;
		};
/* End XCConfigurationList section */

/* Begin XCRemoteSwiftPackageReference section */
		35A2BE0E282D0BA300AAF548 /* XCRemoteSwiftPackageReference "JSONWebToken" */ = {
			isa = XCRemoteSwiftPackageReference;
			repositoryURL = "https://github.com/kylef/JSONWebToken.swift";
			requirement = {
				branch = master;
				kind = branch;
			};
		};
/* End XCRemoteSwiftPackageReference section */

/* Begin XCSwiftPackageProductDependency section */
		35A2BE0F282D0BA300AAF548 /* JWT */ = {
			isa = XCSwiftPackageProductDependency;
			package = 35A2BE0E282D0BA300AAF548 /* XCRemoteSwiftPackageReference "JSONWebToken" */;
			productName = JWT;
		};
/* End XCSwiftPackageProductDependency section */
	};
	rootObject = 35142771282516A500F7483F /* Project object */;
}
